
Microsoft Visual Studio Solution File, Format Version 12.00
# Visual Studio 16
Project("{FAE04EC0-301F-11D3-BF4B-00C04F79EFBC}") = "Assembly-CSharp", "Assembly-CSharp.csproj", "{D80CFCFF-8133-502F-7AFC-1FF385721D7F}"
EndProject
Project("{FAE04EC0-301F-11D3-BF4B-00C04F79EFBC}") = "Assembly-CSharp-Editor", "Assembly-CSharp-Editor.csproj", "{CCAD1171-4B7B-3194-854B-A4693A41FF37}"
EndProject
Global
	GlobalSection(SolutionConfigurationPlatforms) = preSolution
		Debug|Any CPU = Debug|Any CPU
		Release|Any CPU = Release|Any CPU
	EndGlobalSection
	GlobalSection(ProjectConfigurationPlatforms) = postSolution
		{D80CFCFF-8133-502F-7AFC-1FF385721D7F}.Debug|Any CPU.ActiveCfg = Debug|Any CPU
		{D80CFCFF-8133-502F-7AFC-1FF385721D7F}.Debug|Any CPU.Build.0 = Debug|Any CPU
		{D80CFCFF-8133-502F-7AFC-1FF385721D7F}.Release|Any CPU.ActiveCfg = Release|Any CPU
		{D80CFCFF-8133-502F-7AFC-1FF385721D7F}.Release|Any CPU.Build.0 = Release|Any CPU
		{CCAD1171-4B7B-3194-854B-A4693A41FF37}.Debug|Any CPU.ActiveCfg = Debug|Any CPU
		{CCAD1171-4B7B-3194-854B-A4693A41FF37}.Debug|Any CPU.Build.0 = Debug|Any CPU
		{CCAD1171-4B7B-3194-854B-A4693A41FF37}.Release|Any CPU.ActiveCfg = Release|Any CPU
		{CCAD1171-4B7B-3194-854B-A4693A41FF37}.Release|Any CPU.Build.0 = Release|Any CPU
	EndGlobalSection
	GlobalSection(SolutionProperties) = preSolution
		HideSolutionNode = FALSE
	EndGlobalSection
EndGlobal
